
Microsoft Visual Studio Solution File, Format Version 12.00
# Visual Studio Version 16
VisualStudioVersion = 16.0.30611.23
MinimumVisualStudioVersion = 10.0.40219.1
Project("{FAE04EC0-301F-11D3-BF4B-00C04F79EFBC}") = "Prova", "Prova\Prova.csproj", "{D42D8EE9-ACCF-4D27-A8C2-555CEC5658FD}"
EndProject
Global
	GlobalSection(SolutionConfigurationPlatforms) = preSolution
		Debug|Any CPU = Debug|Any CPU
		Release|Any CPU = Release|Any CPU
	EndGlobalSection
	GlobalSection(ProjectConfigurationPlatforms) = postSolution
		{D42D8EE9-ACCF-4D27-A8C2-555CEC5658FD}.Debug|Any CPU.ActiveCfg = Debug|Any CPU
		{D42D8EE9-ACCF-4D27-A8C2-555CEC5658FD}.Debug|Any CPU.Build.0 = Debug|Any CPU
		{D42D8EE9-ACCF-4D27-A8C2-555CEC5658FD}.Release|Any CPU.ActiveCfg = Release|Any CPU
		{D42D8EE9-ACCF-4D27-A8C2-555CEC5658FD}.Release|Any CPU.Build.0 = Release|Any CPU
	EndGlobalSection
	GlobalSection(SolutionProperties) = preSolution
		HideSolutionNode = FALSE
	EndGlobalSection
	GlobalSection(ExtensibilityGlobals) = postSolution
		SolutionGuid = {89B20A09-9052-4A11-A9EB-B005CDE5C8C5}
	EndGlobalSection
EndGlobal
